<Solution>
  <Folder Name="/Solution Items/">
    <File Path=".github/workflows/check-for-ab-number.yml" />
    <File Path=".github/workflows/ci.yml" />
    <File Path=".github/workflows/release.yml" />
    <File Path="CHANGELOG.md" />
  </Folder>
  <Folder Name="/src/">
    <Project Path="LogicBuilder.App.Utils/LogicBuilder.App.Utils.csproj" />
  </Folder>
  <Folder Name="/test/">
    <Project Path="LogicBuilder.App.Utils.Tests/LogicBuilder.App.Utils.Tests.csproj" />
  </Folder>
  <Folder Name="/test/sample-app/">
    <Project Path="Contoso.Domain/Contoso.Domain.csproj" />
    <Project Path="Contoso.Test.Business/Contoso.Test.Business.csproj" />
    <Project Path="Contoso.Test.Flow/Contoso.Test.Flow.csproj" />
  </Folder>
</Solution>
